
Microsoft Visual Studio Solution File, Format Version 12.00
# Visual Studio Version 17
VisualStudioVersion = 17.9.34728.123
MinimumVisualStudioVersion = 10.0.40219.1
Project("{FAE04EC0-301F-11D3-BF4B-00C04F79EFBC}") = "SERVER", "SERVER\SERVER.csproj", "{B58DEB67-9373-4ED4-975D-D64AD887710E}"
EndProject
Project("{FAE04EC0-301F-11D3-BF4B-00C04F79EFBC}") = "CLIENT", "CLIENT\CLIENT.csproj", "{369A7FA6-36FD-41C8-A924-9F0AC39C4F3A}"
EndProject
Global
	GlobalSection(SolutionConfigurationPlatforms) = preSolution
		Debug|Any CPU = Debug|Any CPU
		Release|Any CPU = Release|Any CPU
	EndGlobalSection
	GlobalSection(ProjectConfigurationPlatforms) = postSolution
		{B58DEB67-9373-4ED4-975D-D64AD887710E}.Debug|Any CPU.ActiveCfg = Debug|Any CPU
		{B58DEB67-9373-4ED4-975D-D64AD887710E}.Debug|Any CPU.Build.0 = Debug|Any CPU
		{B58DEB67-9373-4ED4-975D-D64AD887710E}.Release|Any CPU.ActiveCfg = Release|Any CPU
		{B58DEB67-9373-4ED4-975D-D64AD887710E}.Release|Any CPU.Build.0 = Release|Any CPU
		{369A7FA6-36FD-41C8-A924-9F0AC39C4F3A}.Debug|Any CPU.ActiveCfg = Debug|Any CPU
		{369A7FA6-36FD-41C8-A924-9F0AC39C4F3A}.Debug|Any CPU.Build.0 = Debug|Any CPU
		{369A7FA6-36FD-41C8-A924-9F0AC39C4F3A}.Release|Any CPU.ActiveCfg = Release|Any CPU
		{369A7FA6-36FD-41C8-A924-9F0AC39C4F3A}.Release|Any CPU.Build.0 = Release|Any CPU
	EndGlobalSection
	GlobalSection(SolutionProperties) = preSolution
		HideSolutionNode = FALSE
	EndGlobalSection
	GlobalSection(ExtensibilityGlobals) = postSolution
		SolutionGuid = {82A2D570-A60C-4B7C-9749-C3319653CE5A}
	EndGlobalSection
EndGlobal
